
Microsoft Visual Studio Solution File, Format Version 12.00
# Visual Studio 2012
Project("{8BC9CEB8-8B4A-11D0-8D11-00A0C91BC942}") = "GlutManager", "GlutManager\GlutManager.vcxproj", "{0600BD88-2803-45BC-B5C5-AD6DDE851D7D}"
EndProject
Project("{8BC9CEB8-8B4A-11D0-8D11-00A0C91BC942}") = "TestLib", "TestLib\TestLib.vcxproj", "{E6AE86D7-D973-4E60-BAFA-9F0E51FDC3CB}"
EndProject
Global
	GlobalSection(SolutionConfigurationPlatforms) = preSolution
		Debug|Win32 = Debug|Win32
		Release|Win32 = Release|Win32
	EndGlobalSection
	GlobalSection(ProjectConfigurationPlatforms) = postSolution
		{0600BD88-2803-45BC-B5C5-AD6DDE851D7D}.Debug|Win32.ActiveCfg = Debug|Win32
		{0600BD88-2803-45BC-B5C5-AD6DDE851D7D}.Debug|Win32.Build.0 = Debug|Win32
		{0600BD88-2803-45BC-B5C5-AD6DDE851D7D}.Release|Win32.ActiveCfg = Release|Win32
		{0600BD88-2803-45BC-B5C5-AD6DDE851D7D}.Release|Win32.Build.0 = Release|Win32
		{E6AE86D7-D973-4E60-BAFA-9F0E51FDC3CB}.Debug|Win32.ActiveCfg = Debug|Win32
		{E6AE86D7-D973-4E60-BAFA-9F0E51FDC3CB}.Debug|Win32.Build.0 = Debug|Win32
		{E6AE86D7-D973-4E60-BAFA-9F0E51FDC3CB}.Release|Win32.ActiveCfg = Release|Win32
		{E6AE86D7-D973-4E60-BAFA-9F0E51FDC3CB}.Release|Win32.Build.0 = Release|Win32
	EndGlobalSection
	GlobalSection(SolutionProperties) = preSolution
		HideSolutionNode = FALSE
	EndGlobalSection
EndGlobal
